// !$*UTF8*$!
{
	archiveVersion = 1;
	classes = {
	};
	objectVersion = 60;
	objects = {

/* Begin PBXBuildFile section */
		6613E56F2BAD7CC4000F347C /* 2@2x.png in Resources */ = {isa = PBXBuildFile; fileRef = 6613E56E2BAD7CC4000F347C /* 2@2x.png */; };
		668B34542BC8E57F0016D1F9 /* FanUITestVC.swift in Sources */ = {isa = PBXBuildFile; fileRef = 668B34532BC8E57F0016D1F9 /* FanUITestVC.swift */; };
		668B34572BC8E5F70016D1F9 /* SnapKit in Frameworks */ = {isa = PBXBuildFile; productRef = 668B34562BC8E5F70016D1F9 /* SnapKit */; };
		6698FB972B1596D100B40903 /* heartos.json in Resources */ = {isa = PBXBuildFile; fileRef = 6698FB962B1596D100B40903 /* heartos.json */; };
		66CD6A772B0C53E2007D5498 /* AppDelegate.swift in Sources */ = {isa = PBXBuildFile; fileRef = 66CD6A762B0C53E2007D5498 /* AppDelegate.swift */; };
		66CD6A792B0C53E2007D5498 /* SceneDelegate.swift in Sources */ = {isa = PBXBuildFile; fileRef = 66CD6A782B0C53E2007D5498 /* SceneDelegate.swift */; };
		66CD6A7B2B0C53E2007D5498 /* ViewController.swift in Sources */ = {isa = PBXBuildFile; fileRef = 66CD6A7A2B0C53E2007D5498 /* ViewController.swift */; };
		66CD6A7E2B0C53E2007D5498 /* Main.storyboard in Resources */ = {isa = PBXBuildFile; fileRef = 66CD6A7C2B0C53E2007D5498 /* Main.storyboard */; };
		66CD6A802B0C53E5007D5498 /* Assets.xcassets in Resources */ = {isa = PBXBuildFile; fileRef = 66CD6A7F2B0C53E5007D5498 /* Assets.xcassets */; };
		66CD6A832B0C53E5007D5498 /* LaunchScreen.storyboard in Resources */ = {isa = PBXBuildFile; fileRef = 66CD6A812B0C53E5007D5498 /* LaunchScreen.storyboard */; };
		66CD6AC02B0CAA6B007D5498 /* loona@2x.png in Resources */ = {isa = PBXBuildFile; fileRef = 66CD6ABF2B0CAA6B007D5498 /* loona@2x.png */; };
		66D192E52BB3C9360047784C /* FanPlayerVC.swift in Sources */ = {isa = PBXBuildFile; fileRef = 66D192E42BB3C9360047784C /* FanPlayerVC.swift */; };
		66DD409F2BB5093A0040EB96 /* loona.mp4 in Resources */ = {isa = PBXBuildFile; fileRef = 66DD409E2BB5093A0040EB96 /* loona.mp4 */; };
		66E4CCA32BAC15C50059148C /* FanKitSwift in Resources */ = {isa = PBXBuildFile; fileRef = 66CD6A8E2B0C6527007D5498 /* FanKitSwift */; };
		66E4CCA62BAC15DD0059148C /* FanKitSwift in Frameworks */ = {isa = PBXBuildFile; productRef = 66E4CCA52BAC15DD0059148C /* FanKitSwift */; };
/* End PBXBuildFile section */

/* Begin PBXFileReference section */
		6613E56E2BAD7CC4000F347C /* 2@2x.png */ = {isa = PBXFileReference; lastKnownFileType = image.png; path = "2@2x.png"; sourceTree = "<group>"; };
		668B34532BC8E57F0016D1F9 /* FanUITestVC.swift */ = {isa = PBXFileReference; lastKnownFileType = sourcecode.swift; path = FanUITestVC.swift; sourceTree = "<group>"; };
		6698FB962B1596D100B40903 /* heartos.json */ = {isa = PBXFileReference; fileEncoding = 4; lastKnownFileType = text.json; path = heartos.json; sourceTree = "<group>"; };
		66CD6A732B0C53E2007D5498 /* DemoObject.app */ = {isa = PBXFileReference; explicitFileType = wrapper.application; includeInIndex = 0; path = DemoObject.app; sourceTree = BUILT_PRODUCTS_DIR; };
		66CD6A762B0C53E2007D5498 /* AppDelegate.swift */ = {isa = PBXFileReference; lastKnownFileType = sourcecode.swift; path = AppDelegate.swift; sourceTree = "<group>"; };
		66CD6A782B0C53E2007D5498 /* SceneDelegate.swift */ = {isa = PBXFileReference; lastKnownFileType = sourcecode.swift; path = SceneDelegate.swift; sourceTree = "<group>"; };
		66CD6A7A2B0C53E2007D5498 /* ViewController.swift */ = {isa = PBXFileReference; lastKnownFileType = sourcecode.swift; path = ViewController.swift; sourceTree = "<group>"; };
		66CD6A7D2B0C53E2007D5498 /* Base */ = {isa = PBXFileReference; lastKnownFileType = file.storyboard; name = Base; path = Base.lproj/Main.storyboard; sourceTree = "<group>"; };
		66CD6A7F2B0C53E5007D5498 /* Assets.xcassets */ = {isa = PBXFileReference; lastKnownFileType = folder.assetcatalog; path = Assets.xcassets; sourceTree = "<group>"; };
		66CD6A822B0C53E5007D5498 /* Base */ = {isa = PBXFileReference; lastKnownFileType = file.storyboard; name = Base; path = Base.lproj/LaunchScreen.storyboard; sourceTree = "<group>"; };
		66CD6A842B0C53E5007D5498 /* Info.plist */ = {isa = PBXFileReference; lastKnownFileType = text.plist.xml; path = Info.plist; sourceTree = "<group>"; };
		66CD6A8E2B0C6527007D5498 /* FanKitSwift */ = {isa = PBXFileReference; lastKnownFileType = wrapper; name = FanKitSwift; path = ../../FanKitSwift; sourceTree = "<group>"; };
		66CD6ABF2B0CAA6B007D5498 /* loona@2x.png */ = {isa = PBXFileReference; lastKnownFileType = image.png; path = "loona@2x.png"; sourceTree = "<group>"; };
		66D192E42BB3C9360047784C /* FanPlayerVC.swift */ = {isa = PBXFileReference; lastKnownFileType = sourcecode.swift; path = FanPlayerVC.swift; sourceTree = "<group>"; };
		66DD409E2BB5093A0040EB96 /* loona.mp4 */ = {isa = PBXFileReference; lastKnownFileType = file; path = loona.mp4; sourceTree = "<group>"; };
/* End PBXFileReference section */

/* Begin PBXFrameworksBuildPhase section */
		66CD6A702B0C53E2007D5498 /* Frameworks */ = {
			isa = PBXFrameworksBuildPhase;
			buildActionMask = 2147483647;
			files = (
				66E4CCA62BAC15DD0059148C /* FanKitSwift in Frameworks */,
				668B34572BC8E5F70016D1F9 /* SnapKit in Frameworks */,
			);
			runOnlyForDeploymentPostprocessing = 0;
		};
/* End PBXFrameworksBuildPhase section */

/* Begin PBXGroup section */
		66CD6A6A2B0C53E2007D5498 = {
			isa = PBXGroup;
			children = (
				66CD6A8D2B0C6527007D5498 /* Packages */,
				66CD6A752B0C53E2007D5498 /* DemoObject */,
				66CD6A742B0C53E2007D5498 /* Products */,
				66CD6ABB2B0C7A0B007D5498 /* Frameworks */,
			);
			sourceTree = "<group>";
		};
		66CD6A742B0C53E2007D5498 /* Products */ = {
			isa = PBXGroup;
			children = (
				66CD6A732B0C53E2007D5498 /* DemoObject.app */,
			);
			name = Products;
			sourceTree = "<group>";
		};
		66CD6A752B0C53E2007D5498 /* DemoObject */ = {
			isa = PBXGroup;
			children = (
				66CD6ABE2B0CA9EB007D5498 /* Resources */,
				66CD6A762B0C53E2007D5498 /* AppDelegate.swift */,
				66CD6A782B0C53E2007D5498 /* SceneDelegate.swift */,
				66CD6A7A2B0C53E2007D5498 /* ViewController.swift */,
				66D192E42BB3C9360047784C /* FanPlayerVC.swift */,
				668B34532BC8E57F0016D1F9 /* FanUITestVC.swift */,
				66CD6A7C2B0C53E2007D5498 /* Main.storyboard */,
				66CD6A7F2B0C53E5007D5498 /* Assets.xcassets */,
				66CD6A812B0C53E5007D5498 /* LaunchScreen.storyboard */,
				66CD6A842B0C53E5007D5498 /* Info.plist */,
			);
			path = DemoObject;
			sourceTree = "<group>";
		};
		66CD6A8D2B0C6527007D5498 /* Packages */ = {
			isa = PBXGroup;
			children = (
				66CD6A8E2B0C6527007D5498 /* FanKitSwift */,
			);
			name = Packages;
			sourceTree = "<group>";
		};
		66CD6ABB2B0C7A0B007D5498 /* Frameworks */ = {
			isa = PBXGroup;
			children = (
			);
			name = Frameworks;
			sourceTree = "<group>";
		};
		66CD6ABE2B0CA9EB007D5498 /* Resources */ = {
			isa = PBXGroup;
			children = (
				66DD409E2BB5093A0040EB96 /* loona.mp4 */,
				6613E56E2BAD7CC4000F347C /* 2@2x.png */,
				6698FB962B1596D100B40903 /* heartos.json */,
				66CD6ABF2B0CAA6B007D5498 /* loona@2x.png */,
			);
			path = Resources;
			sourceTree = "<group>";
		};
/* End PBXGroup section */

/* Begin PBXNativeTarget section */
		66CD6A722B0C53E2007D5498 /* DemoObject */ = {
			isa = PBXNativeTarget;
			buildConfigurationList = 66CD6A872B0C53E5007D5498 /* Build configuration list for PBXNativeTarget "DemoObject" */;
			buildPhases = (
				66CD6A6F2B0C53E2007D5498 /* Sources */,
				66CD6A702B0C53E2007D5498 /* Frameworks */,
				66CD6A712B0C53E2007D5498 /* Resources */,
			);
			buildRules = (
			);
			dependencies = (
			);
			name = DemoObject;
			packageProductDependencies = (
				66E4CCA52BAC15DD0059148C /* FanKitSwift */,
				668B34562BC8E5F70016D1F9 /* SnapKit */,
			);
			productName = DemoObject;
			productReference = 66CD6A732B0C53E2007D5498 /* DemoObject.app */;
			productType = "com.apple.product-type.application";
		};
/* End PBXNativeTarget section */

/* Begin PBXProject section */
		66CD6A6B2B0C53E2007D5498 /* Project object */ = {
			isa = PBXProject;
			attributes = {
				BuildIndependentTargetsInParallel = 1;
				LastSwiftUpdateCheck = 1420;
				LastUpgradeCheck = 1420;
				TargetAttributes = {
					66CD6A722B0C53E2007D5498 = {
						CreatedOnToolsVersion = 14.2;
					};
				};
			};
			buildConfigurationList = 66CD6A6E2B0C53E2007D5498 /* Build configuration list for PBXProject "DemoObject" */;
			compatibilityVersion = "Xcode 14.0";
			developmentRegion = en;
			hasScannedForEncodings = 0;
			knownRegions = (
				en,
				Base,
			);
			mainGroup = 66CD6A6A2B0C53E2007D5498;
			packageReferences = (
				66E4CCA42BAC15DD0059148C /* XCLocalSwiftPackageReference "../../FanKitSwift" */,
				668B34552BC8E5F70016D1F9 /* XCRemoteSwiftPackageReference "SnapKit" */,
			);
			productRefGroup = 66CD6A742B0C53E2007D5498 /* Products */;
			projectDirPath = "";
			projectRoot = "";
			targets = (
				66CD6A722B0C53E2007D5498 /* DemoObject */,
			);
		};
/* End PBXProject section */

/* Begin PBXResourcesBuildPhase section */
		66CD6A712B0C53E2007D5498 /* Resources */ = {
			isa = PBXResourcesBuildPhase;
			buildActionMask = 2147483647;
			files = (
				66CD6A832B0C53E5007D5498 /* LaunchScreen.storyboard in Resources */,
				66CD6A802B0C53E5007D5498 /* Assets.xcassets in Resources */,
				6613E56F2BAD7CC4000F347C /* 2@2x.png in Resources */,
				66CD6AC02B0CAA6B007D5498 /* loona@2x.png in Resources */,
				66DD409F2BB5093A0040EB96 /* loona.mp4 in Resources */,
				66E4CCA32BAC15C50059148C /* FanKitSwift in Resources */,
				66CD6A7E2B0C53E2007D5498 /* Main.storyboard in Resources */,
				6698FB972B1596D100B40903 /* heartos.json in Resources */,
			);
			runOnlyForDeploymentPostprocessing = 0;
		};
/* End PBXResourcesBuildPhase section */

/* Begin PBXSourcesBuildPhase section */
		66CD6A6F2B0C53E2007D5498 /* Sources */ = {
			isa = PBXSourcesBuildPhase;
			buildActionMask = 2147483647;
			files = (
				66CD6A7B2B0C53E2007D5498 /* ViewController.swift in Sources */,
				66CD6A772B0C53E2007D5498 /* AppDelegate.swift in Sources */,
				66CD6A792B0C53E2007D5498 /* SceneDelegate.swift in Sources */,
				668B34542BC8E57F0016D1F9 /* FanUITestVC.swift in Sources */,
				66D192E52BB3C9360047784C /* FanPlayerVC.swift in Sources */,
			);
			runOnlyForDeploymentPostprocessing = 0;
		};
/* End PBXSourcesBuildPhase section */

/* Begin PBXVariantGroup section */
		66CD6A7C2B0C53E2007D5498 /* Main.storyboard */ = {
			isa = PBXVariantGroup;
			children = (
				66CD6A7D2B0C53E2007D5498 /* Base */,
			);
			name = Main.storyboard;
			sourceTree = "<group>";
		};
		66CD6A812B0C53E5007D5498 /* LaunchScreen.storyboard */ = {
			isa = PBXVariantGroup;
			children = (
				66CD6A822B0C53E5007D5498 /* Base */,
			);
			name = LaunchScreen.storyboard;
			sourceTree = "<group>";
		};
/* End PBXVariantGroup section */

/* Begin XCBuildConfiguration section */
		66CD6A852B0C53E5007D5498 /* Debug */ = {
			isa = XCBuildConfiguration;
			buildSettings = {
				ALWAYS_SEARCH_USER_PATHS = NO;
				CLANG_ANALYZER_NONNULL = YES;
				CLANG_ANALYZER_NUMBER_OBJECT_CONVERSION = YES_AGGRESSIVE;
				CLANG_CXX_LANGUAGE_STANDARD = "gnu++20";
				CLANG_ENABLE_MODULES = YES;
				CLANG_ENABLE_OBJC_ARC = YES;
				CLANG_ENABLE_OBJC_WEAK = YES;
				CLANG_WARN_BLOCK_CAPTURE_AUTORELEASING = YES;
				CLANG_WARN_BOOL_CONVERSION = YES;
				CLANG_WARN_COMMA = YES;
				CLANG_WARN_CONSTANT_CONVERSION = YES;
				CLANG_WARN_DEPRECATED_OBJC_IMPLEMENTATIONS = YES;
				CLANG_WARN_DIRECT_OBJC_ISA_USAGE = YES_ERROR;
				CLANG_WARN_DOCUMENTATION_COMMENTS = YES;
				CLANG_WARN_EMPTY_BODY = YES;
				CLANG_WARN_ENUM_CONVERSION = YES;
				CLANG_WARN_INFINITE_RECURSION = YES;
				CLANG_WARN_INT_CONVERSION = YES;
				CLANG_WARN_NON_LITERAL_NULL_CONVERSION = YES;
				CLANG_WARN_OBJC_IMPLICIT_RETAIN_SELF = YES;
				CLANG_WARN_OBJC_LITERAL_CONVERSION = YES;
				CLANG_WARN_OBJC_ROOT_CLASS = YES_ERROR;
				CLANG_WARN_QUOTED_INCLUDE_IN_FRAMEWORK_HEADER = YES;
				CLANG_WARN_RANGE_LOOP_ANALYSIS = YES;
				CLANG_WARN_STRICT_PROTOTYPES = YES;
				CLANG_WARN_SUSPICIOUS_MOVE = YES;
				CLANG_WARN_UNGUARDED_AVAILABILITY = YES_AGGRESSIVE;
				CLANG_WARN_UNREACHABLE_CODE = YES;
				CLANG_WARN__DUPLICATE_METHOD_MATCH = YES;
				COPY_PHASE_STRIP = NO;
				DEBUG_INFORMATION_FORMAT = dwarf;
				ENABLE_STRICT_OBJC_MSGSEND = YES;
				ENABLE_TESTABILITY = YES;
				GCC_C_LANGUAGE_STANDARD = gnu11;
				GCC_DYNAMIC_NO_PIC = NO;
				GCC_NO_COMMON_BLOCKS = YES;
				GCC_OPTIMIZATION_LEVEL = 0;
				GCC_PREPROCESSOR_DEFINITIONS = (
					"DEBUG=1",
					"$(inherited)",
				);
				GCC_WARN_64_TO_32_BIT_CONVERSION = YES;
				GCC_WARN_ABOUT_RETURN_TYPE = YES_ERROR;
				GCC_WARN_UNDECLARED_SELECTOR = YES;
				GCC_WARN_UNINITIALIZED_AUTOS = YES_AGGRESSIVE;
				GCC_WARN_UNUSED_FUNCTION = YES;
				GCC_WARN_UNUSED_VARIABLE = YES;
				IPHONEOS_DEPLOYMENT_TARGET = 16.2;
				MTL_ENABLE_DEBUG_INFO = INCLUDE_SOURCE;
				MTL_FAST_MATH = YES;
				ONLY_ACTIVE_ARCH = YES;
				SDKROOT = iphoneos;
				SWIFT_ACTIVE_COMPILATION_CONDITIONS = DEBUG;
				SWIFT_OPTIMIZATION_LEVEL = "-Onone";
			};
			name = Debug;
		};
		66CD6A862B0C53E5007D5498 /* Release */ = {
			isa = XCBuildConfiguration;
			buildSettings = {
				ALWAYS_SEARCH_USER_PATHS = NO;
				CLANG_ANALYZER_NONNULL = YES;
				CLANG_ANALYZER_NUMBER_OBJECT_CONVERSION = YES_AGGRESSIVE;
				CLANG_CXX_LANGUAGE_STANDARD = "gnu++20";
				CLANG_ENABLE_MODULES = YES;
				CLANG_ENABLE_OBJC_ARC = YES;
				CLANG_ENABLE_OBJC_WEAK = YES;
				CLANG_WARN_BLOCK_CAPTURE_AUTORELEASING = YES;
				CLANG_WARN_BOOL_CONVERSION = YES;
				CLANG_WARN_COMMA = YES;
				CLANG_WARN_CONSTANT_CONVERSION = YES;
				CLANG_WARN_DEPRECATED_OBJC_IMPLEMENTATIONS = YES;
				CLANG_WARN_DIRECT_OBJC_ISA_USAGE = YES_ERROR;
				CLANG_WARN_DOCUMENTATION_COMMENTS = YES;
				CLANG_WARN_EMPTY_BODY = YES;
				CLANG_WARN_ENUM_CONVERSION = YES;
				CLANG_WARN_INFINITE_RECURSION = YES;
				CLANG_WARN_INT_CONVERSION = YES;
				CLANG_WARN_NON_LITERAL_NULL_CONVERSION = YES;
				CLANG_WARN_OBJC_IMPLICIT_RETAIN_SELF = YES;
				CLANG_WARN_OBJC_LITERAL_CONVERSION = YES;
				CLANG_WARN_OBJC_ROOT_CLASS = YES_ERROR;
				CLANG_WARN_QUOTED_INCLUDE_IN_FRAMEWORK_HEADER = YES;
				CLANG_WARN_RANGE_LOOP_ANALYSIS = YES;
				CLANG_WARN_STRICT_PROTOTYPES = YES;
				CLANG_WARN_SUSPICIOUS_MOVE = YES;
				CLANG_WARN_UNGUARDED_AVAILABILITY = YES_AGGRESSIVE;
				CLANG_WARN_UNREACHABLE_CODE = YES;
				CLANG_WARN__DUPLICATE_METHOD_MATCH = YES;
				COPY_PHASE_STRIP = NO;
				DEBUG_INFORMATION_FORMAT = "dwarf-with-dsym";
				ENABLE_NS_ASSERTIONS = NO;
				ENABLE_STRICT_OBJC_MSGSEND = YES;
				GCC_C_LANGUAGE_STANDARD = gnu11;
				GCC_NO_COMMON_BLOCKS = YES;
				GCC_WARN_64_TO_32_BIT_CONVERSION = YES;
				GCC_WARN_ABOUT_RETURN_TYPE = YES_ERROR;
				GCC_WARN_UNDECLARED_SELECTOR = YES;
				GCC_WARN_UNINITIALIZED_AUTOS = YES_AGGRESSIVE;
				GCC_WARN_UNUSED_FUNCTION = YES;
				GCC_WARN_UNUSED_VARIABLE = YES;
				IPHONEOS_DEPLOYMENT_TARGET = 16.2;
				MTL_ENABLE_DEBUG_INFO = NO;
				MTL_FAST_MATH = YES;
				SDKROOT = iphoneos;
				SWIFT_COMPILATION_MODE = wholemodule;
				SWIFT_OPTIMIZATION_LEVEL = "-O";
				VALIDATE_PRODUCT = YES;
			};
			name = Release;
		};
		66CD6A882B0C53E5007D5498 /* Debug */ = {
			isa = XCBuildConfiguration;
			buildSettings = {
				ASSETCATALOG_COMPILER_APPICON_NAME = AppIcon;
				ASSETCATALOG_COMPILER_GLOBAL_ACCENT_COLOR_NAME = AccentColor;
				CODE_SIGN_STYLE = Automatic;
				CURRENT_PROJECT_VERSION = 1;
				DEVELOPMENT_TEAM = T9SQ7V3YQP;
				GENERATE_INFOPLIST_FILE = YES;
				INFOPLIST_FILE = DemoObject/Info.plist;
				INFOPLIST_KEY_UIApplicationSupportsIndirectInputEvents = YES;
				INFOPLIST_KEY_UILaunchStoryboardName = LaunchScreen;
				INFOPLIST_KEY_UIMainStoryboardFile = Main;
				INFOPLIST_KEY_UISupportedInterfaceOrientations_iPad = "UIInterfaceOrientationPortrait UIInterfaceOrientationPortraitUpsideDown UIInterfaceOrientationLandscapeLeft UIInterfaceOrientationLandscapeRight";
				INFOPLIST_KEY_UISupportedInterfaceOrientations_iPhone = "UIInterfaceOrientationPortrait UIInterfaceOrientationLandscapeLeft UIInterfaceOrientationLandscapeRight";
				IPHONEOS_DEPLOYMENT_TARGET = 12.0;
				LD_RUNPATH_SEARCH_PATHS = (
					"$(inherited)",
					"@executable_path/Frameworks",
				);
				MARKETING_VERSION = 1.0;
				PRODUCT_BUNDLE_IDENTIFIER = com.keyitech.DemoObject;
				PRODUCT_NAME = "$(TARGET_NAME)";
				SWIFT_EMIT_LOC_STRINGS = YES;
				SWIFT_VERSION = 6.0;
				TARGETED_DEVICE_FAMILY = "1,2";
			};
			name = Debug;
		};
		66CD6A892B0C53E5007D5498 /* Release */ = {
			isa = XCBuildConfiguration;
			buildSettings = {
				ASSETCATALOG_COMPILER_APPICON_NAME = AppIcon;
				ASSETCATALOG_COMPILER_GLOBAL_ACCENT_COLOR_NAME = AccentColor;
				CODE_SIGN_STYLE = Automatic;
				CURRENT_PROJECT_VERSION = 1;
				DEVELOPMENT_TEAM = T9SQ7V3YQP;
				GENERATE_INFOPLIST_FILE = YES;
				INFOPLIST_FILE = DemoObject/Info.plist;
				INFOPLIST_KEY_UIApplicationSupportsIndirectInputEvents = YES;
				INFOPLIST_KEY_UILaunchStoryboardName = LaunchScreen;
				INFOPLIST_KEY_UIMainStoryboardFile = Main;
				INFOPLIST_KEY_UISupportedInterfaceOrientations_iPad = "UIInterfaceOrientationPortrait UIInterfaceOrientationPortraitUpsideDown UIInterfaceOrientationLandscapeLeft UIInterfaceOrientationLandscapeRight";
				INFOPLIST_KEY_UISupportedInterfaceOrientations_iPhone = "UIInterfaceOrientationPortrait UIInterfaceOrientationLandscapeLeft UIInterfaceOrientationLandscapeRight";
				IPHONEOS_DEPLOYMENT_TARGET = 12.0;
				LD_RUNPATH_SEARCH_PATHS = (
					"$(inherited)",
					"@executable_path/Frameworks",
				);
				MARKETING_VERSION = 1.0;
				PRODUCT_BUNDLE_IDENTIFIER = com.keyitech.DemoObject;
				PRODUCT_NAME = "$(TARGET_NAME)";
				SWIFT_EMIT_LOC_STRINGS = YES;
				SWIFT_VERSION = 6.0;
				TARGETED_DEVICE_FAMILY = "1,2";
			};
			name = Release;
		};
/* End XCBuildConfiguration section */

/* Begin XCConfigurationList section */
		66CD6A6E2B0C53E2007D5498 /* Build configuration list for PBXProject "DemoObject" */ = {
			isa = XCConfigurationList;
			buildConfigurations = (
				66CD6A852B0C53E5007D5498 /* Debug */,
				66CD6A862B0C53E5007D5498 /* Release */,
			);
			defaultConfigurationIsVisible = 0;
			defaultConfigurationName = Release;
		};
		66CD6A872B0C53E5007D5498 /* Build configuration list for PBXNativeTarget "DemoObject" */ = {
			isa = XCConfigurationList;
			buildConfigurations = (
				66CD6A882B0C53E5007D5498 /* Debug */,
				66CD6A892B0C53E5007D5498 /* Release */,
			);
			defaultConfigurationIsVisible = 0;
			defaultConfigurationName = Release;
		};
/* End XCConfigurationList section */

/* Begin XCLocalSwiftPackageReference section */
		66E4CCA42BAC15DD0059148C /* XCLocalSwiftPackageReference "../../FanKitSwift" */ = {
			isa = XCLocalSwiftPackageReference;
			relativePath = ../../FanKitSwift;
		};
/* End XCLocalSwiftPackageReference section */

/* Begin XCRemoteSwiftPackageReference section */
		668B34552BC8E5F70016D1F9 /* XCRemoteSwiftPackageReference "SnapKit" */ = {
			isa = XCRemoteSwiftPackageReference;
			repositoryURL = "https://github.com/SnapKit/SnapKit";
			requirement = {
				kind = upToNextMajorVersion;
				minimumVersion = 5.7.1;
			};
		};
/* End XCRemoteSwiftPackageReference section */

/* Begin XCSwiftPackageProductDependency section */
		668B34562BC8E5F70016D1F9 /* SnapKit */ = {
			isa = XCSwiftPackageProductDependency;
			package = 668B34552BC8E5F70016D1F9 /* XCRemoteSwiftPackageReference "SnapKit" */;
			productName = SnapKit;
		};
		66E4CCA52BAC15DD0059148C /* FanKitSwift */ = {
			isa = XCSwiftPackageProductDependency;
			productName = FanKitSwift;
		};
/* End XCSwiftPackageProductDependency section */
	};
	rootObject = 66CD6A6B2B0C53E2007D5498 /* Project object */;
}
